{
    "_meta": {
        "hash": {
            "sha256": "7967bdd4aa286909ce4f335230503e4c2f3eaff53e3f1b512890c047fcd86fc5"
        },
        "pipfile-spec": 6,
        "requires": {
            "python_version": "3.6"
        },
        "sources": [
            {
                "name": "pypi",
                "url": "https://pypi.org/simple",
                "verify_ssl": true
            }
        ]
    },
    "default": {
        "fbchat": {
            "git": "https://github.com/carpedm20/fbchat.git",
            "ref": "f480d68b5773473e6daba7f66075ee30e8d737a8"
        },
        "python-dotenv": {
            "hashes": [
                "sha256:a84569d0e00d178bc5b957f7ff208bf49287cbf61857c31c258c4a91f571527b",
                "sha256:c9b1ddd3cdbe75c7d462cb84674d87130f4b948f090f02c7d7144779afb99ae0"
            ],
            "index": "pypi",
            "version": "==0.10.1"
        }
    },
    "develop": {}
}
